{
  "originHash" : "e2a9a1f8d89e20c6a89a205ff60b05010173e44ab039fa5b44e10723d6d2e77f",
  "pins" : [
    {
      "identity" : "trainingkit",
      "kind" : "remoteSourceControl",
      "location" : "https://github.com/Oekalegon/TrainingKit.git",
      "state" : {
        "branch" : "develop",
        "revision" : "b723c1ab960984ff011951de3f66724173be9f72"
      }
    }
  ],
  "version" : 3
}
