{
  "originHash" : "809b45c647975ec90b399c3a1e1c124520a5d1f9e93ee9399e84141fac02a6a4",
  "pins" : [
    {
      "identity" : "trainingkit",
      "kind" : "remoteSourceControl",
      "location" : "https://github.com/Oekalegon/TrainingKit.git",
      "state" : {
        "branch" : "develop",
        "revision" : "b0830f1615cd1adf0952f61a016969a67a347ea6"
      }
    }
  ],
  "version" : 3
}
