{
  "originHash" : "b8d7cf8a16abd4748164b116ff327f4fbd1fc2f37ab971d6076a6736687d2ea3",
  "pins" : [
    {
      "identity" : "trainingkit",
      "kind" : "remoteSourceControl",
      "location" : "https://github.com/Oekalegon/TrainingKit.git",
      "state" : {
        "branch" : "develop",
        "revision" : "3d8ff5dd9552a76f922ae989733b291c69eeb0ee"
      }
    }
  ],
  "version" : 3
}
